Microsoft Visual Studio Solution File, Format Version 12.00
# Visual Studio 2012
Project("{FAE04EC0-301F-11D3-BF4B-00C04F79EFBC}") = "log4net.vs2012", "log4net.vs2012.csproj", "{181FE707-E161-4722-9F38-6AAAB6FAA106}"
EndProject
Project("{FAE04EC0-301F-11D3-BF4B-00C04F79EFBC}") = "log4net.Tests.vs2012", "..\log4net.Tests\log4net.Tests.vs2012.csproj", "{B0530F10-0238-49A9-93B0-8EF412E90BCF}"
EndProject
Project("{FAE04EC0-301F-11D3-BF4B-00C04F79EFBC}") = "log4net.Ext.EventID.vs2012", "..\extensions\log4net.Ext.EventID\log4net.Ext.EventID.vs2012.csproj", "{CB985027-C009-4C0F-88C1-8CF11912EE4C}"
EndProject
Project("{FAE04EC0-301F-11D3-BF4B-00C04F79EFBC}") = "log4net.Ext.MarshalByRef.vs2012", "..\extensions\log4net.Ext.MarshalByRef\log4net.Ext.MarshalByRef.vs2012.csproj", "{CB985027-C009-4C0F-88C1-8CF11912AE4C}"
EndProject
Global
	GlobalSection(SolutionConfigurationPlatforms) = preSolution
		Debug|Any CPU = Debug|Any CPU
		Release|Any CPU = Release|Any CPU
	EndGlobalSection
	GlobalSection(ProjectConfigurationPlatforms) = postSolution
		{181FE707-E161-4722-9F38-6AAAB6FAA106}.Debug|Any CPU.ActiveCfg = Debug|Any CPU
		{181FE707-E161-4722-9F38-6AAAB6FAA106}.Debug|Any CPU.Build.0 = Debug|Any CPU
		{181FE707-E161-4722-9F38-6AAAB6FAA106}.Release|Any CPU.ActiveCfg = Release|Any CPU
		{181FE707-E161-4722-9F38-6AAAB6FAA106}.Release|Any CPU.Build.0 = Release|Any CPU
		{B0530F10-0238-49A9-93B0-8EF412E90BCF}.Debug|Any CPU.ActiveCfg = Debug|Any CPU
		{B0530F10-0238-49A9-93B0-8EF412E90BCF}.Debug|Any CPU.Build.0 = Debug|Any CPU
		{B0530F10-0238-49A9-93B0-8EF412E90BCF}.Release|Any CPU.ActiveCfg = Release|Any CPU
		{B0530F10-0238-49A9-93B0-8EF412E90BCF}.Release|Any CPU.Build.0 = Release|Any CPU
		{CB985027-C009-4C0F-88C1-8CF11912EE4C}.Debug|Any CPU.ActiveCfg = Debug|Any CPU
		{CB985027-C009-4C0F-88C1-8CF11912EE4C}.Debug|Any CPU.Build.0 = Debug|Any CPU
		{CB985027-C009-4C0F-88C1-8CF11912EE4C}.Release|Any CPU.ActiveCfg = Release|Any CPU
		{CB985027-C009-4C0F-88C1-8CF11912EE4C}.Release|Any CPU.Build.0 = Release|Any CPU
		{CB985027-C009-4C0F-88C1-8CF11912AE4C}.Debug|Any CPU.ActiveCfg = Debug|Any CPU
		{CB985027-C009-4C0F-88C1-8CF11912AE4C}.Debug|Any CPU.Build.0 = Debug|Any CPU
		{CB985027-C009-4C0F-88C1-8CF11912AE4C}.Release|Any CPU.ActiveCfg = Release|Any CPU
		{CB985027-C009-4C0F-88C1-8CF11912AE4C}.Release|Any CPU.Build.0 = Release|Any CPU
	EndGlobalSection
	GlobalSection(SolutionProperties) = preSolution
		HideSolutionNode = FALSE
	EndGlobalSection
EndGlobal
