Microsoft Visual Studio Solution File, Format Version 7.00
Project("{FAE04EC0-301F-11D3-BF4B-00C04F79EFBC}") = "ConsoleApp", "Tutorials\ConsoleApp\cs\src\ConsoleApp.csproj", "{933969DF-2BC5-44E6-8B1A-400FC276A23F}"
EndProject
Project("{FAE04EC0-301F-11D3-BF4B-00C04F79EFBC}") = "NotLogging", "Performance\NotLogging\cs\src\NotLogging.csproj", "{79B1930A-63AE-4640-B130-084687B3EDD7}"
EndProject
Project("{FAE04EC0-301F-11D3-BF4B-00C04F79EFBC}") = "RemotingClient", "Remoting\RemotingClient\cs\src\RemotingClient.csproj", "{F4CE6810-1C1B-4178-B637-4B05E3F6DE3C}"
EndProject
Project("{FAE04EC0-301F-11D3-BF4B-00C04F79EFBC}") = "RemotingServer", "Remoting\RemotingServer\cs\src\RemotingServer.csproj", "{3A9BCF6F-FA1B-409A-93E9-7028F9A2A91F}"
EndProject
Project("{FAE04EC0-301F-11D3-BF4B-00C04F79EFBC}") = "SimpleModule", "Repository\SimpleModule\cs\src\SimpleModule.csproj", "{F82AA1D9-5B52-4890-8838-7AAAF7D8F0EE}"
EndProject
Project("{FAE04EC0-301F-11D3-BF4B-00C04F79EFBC}") = "SimpleApp", "Repository\SimpleApp\cs\src\SimpleApp.csproj", "{D49EB32C-B25F-4E25-BF6D-62EE38FC1A1F}"
EndProject
Project("{FAE04EC0-301F-11D3-BF4B-00C04F79EFBC}") = "TraceLogApp", "Extensibility\TraceLogApp\cs\src\TraceLogApp.csproj", "{EB508341-D73A-4165-846D-E7E317E12518}"
EndProject
Project("{FAE04EC0-301F-11D3-BF4B-00C04F79EFBC}") = "SharedModule", "Repository\SharedModule\cs\src\SharedModule.csproj", "{9AACDC1A-84FB-4042-85A5-7095C66AD973}"
EndProject
Project("{FAE04EC0-301F-11D3-BF4B-00C04F79EFBC}") = "log4net.Ext.Trace", "..\..\..\extensions\net\1.0\log4net.Ext.Trace\cs\src\log4net.Ext.Trace.csproj", "{8C73DF1C-AB2B-4309-A3EC-1ED594239E15}"
EndProject
Project("{FAE04EC0-301F-11D3-BF4B-00C04F79EFBC}") = "log4net.Ext.EventID", "..\..\..\extensions\net\1.0\log4net.Ext.EventID\cs\src\log4net.Ext.EventID.csproj", "{CB985027-C009-4C0F-88C1-8CF11912EE4C}"
EndProject
Project("{FAE04EC0-301F-11D3-BF4B-00C04F79EFBC}") = "EventIDLogApp", "Extensibility\EventIDLogApp\cs\src\EventIDLogApp.csproj", "{B3DCF964-EAC8-46F2-AA11-151713141536}"
EndProject
Project("{FAE04EC0-301F-11D3-BF4B-00C04F79EFBC}") = "SampleAppendersApp", "Appenders\SampleAppendersApp\cs\src\SampleAppendersApp.csproj", "{9E715F72-7F70-421B-A2BF-E9CB42F88F5C}"
EndProject
Project("{FAE04EC0-301F-11D3-BF4B-00C04F79EFBC}") = "SampleLayoutsApp", "Layouts\SampleLayoutsApp\cs\src\SampleLayoutsApp.csproj", "{CD7A8094-D383-46BC-A75D-9F65F746E24F}"
EndProject
Project("{FAE04EC0-301F-11D3-BF4B-00C04F79EFBC}") = "WmiAppender", "Appenders\WmiAppender\cs\src\WmiAppender.csproj", "{BE56F892-37BA-489C-A91D-F2761FDB96EF}"
EndProject
Global
	GlobalSection(SolutionConfiguration) = preSolution
		ConfigName.0 = Debug
		ConfigName.1 = Release
	EndGlobalSection
	GlobalSection(ProjectDependencies) = postSolution
	EndGlobalSection
	GlobalSection(ProjectConfiguration) = postSolution
		{933969DF-2BC5-44E6-8B1A-400FC276A23F}.Debug.ActiveCfg = Debug|.NET
		{933969DF-2BC5-44E6-8B1A-400FC276A23F}.Debug.Build.0 = Debug|.NET
		{933969DF-2BC5-44E6-8B1A-400FC276A23F}.Release.ActiveCfg = Release|.NET
		{933969DF-2BC5-44E6-8B1A-400FC276A23F}.Release.Build.0 = Release|.NET
		{79B1930A-63AE-4640-B130-084687B3EDD7}.Debug.ActiveCfg = Debug|.NET
		{79B1930A-63AE-4640-B130-084687B3EDD7}.Debug.Build.0 = Debug|.NET
		{79B1930A-63AE-4640-B130-084687B3EDD7}.Release.ActiveCfg = Release|.NET
		{79B1930A-63AE-4640-B130-084687B3EDD7}.Release.Build.0 = Release|.NET
		{F4CE6810-1C1B-4178-B637-4B05E3F6DE3C}.Debug.ActiveCfg = Debug|.NET
		{F4CE6810-1C1B-4178-B637-4B05E3F6DE3C}.Debug.Build.0 = Debug|.NET
		{F4CE6810-1C1B-4178-B637-4B05E3F6DE3C}.Release.ActiveCfg = Release|.NET
		{F4CE6810-1C1B-4178-B637-4B05E3F6DE3C}.Release.Build.0 = Release|.NET
		{3A9BCF6F-FA1B-409A-93E9-7028F9A2A91F}.Debug.ActiveCfg = Debug|.NET
		{3A9BCF6F-FA1B-409A-93E9-7028F9A2A91F}.Debug.Build.0 = Debug|.NET
		{3A9BCF6F-FA1B-409A-93E9-7028F9A2A91F}.Release.ActiveCfg = Release|.NET
		{3A9BCF6F-FA1B-409A-93E9-7028F9A2A91F}.Release.Build.0 = Release|.NET
		{F82AA1D9-5B52-4890-8838-7AAAF7D8F0EE}.Debug.ActiveCfg = Debug|.NET
		{F82AA1D9-5B52-4890-8838-7AAAF7D8F0EE}.Debug.Build.0 = Debug|.NET
		{F82AA1D9-5B52-4890-8838-7AAAF7D8F0EE}.Release.ActiveCfg = Release|.NET
		{F82AA1D9-5B52-4890-8838-7AAAF7D8F0EE}.Release.Build.0 = Release|.NET
		{D49EB32C-B25F-4E25-BF6D-62EE38FC1A1F}.Debug.ActiveCfg = Debug|.NET
		{D49EB32C-B25F-4E25-BF6D-62EE38FC1A1F}.Debug.Build.0 = Debug|.NET
		{D49EB32C-B25F-4E25-BF6D-62EE38FC1A1F}.Release.ActiveCfg = Release|.NET
		{D49EB32C-B25F-4E25-BF6D-62EE38FC1A1F}.Release.Build.0 = Release|.NET
		{EB508341-D73A-4165-846D-E7E317E12518}.Debug.ActiveCfg = Debug|.NET
		{EB508341-D73A-4165-846D-E7E317E12518}.Debug.Build.0 = Debug|.NET
		{EB508341-D73A-4165-846D-E7E317E12518}.Release.ActiveCfg = Release|.NET
		{EB508341-D73A-4165-846D-E7E317E12518}.Release.Build.0 = Release|.NET
		{9AACDC1A-84FB-4042-85A5-7095C66AD973}.Debug.ActiveCfg = Debug|.NET
		{9AACDC1A-84FB-4042-85A5-7095C66AD973}.Debug.Build.0 = Debug|.NET
		{9AACDC1A-84FB-4042-85A5-7095C66AD973}.Release.ActiveCfg = Release|.NET
		{9AACDC1A-84FB-4042-85A5-7095C66AD973}.Release.Build.0 = Release|.NET
		{8C73DF1C-AB2B-4309-A3EC-1ED594239E15}.Debug.ActiveCfg = Debug|.NET
		{8C73DF1C-AB2B-4309-A3EC-1ED594239E15}.Debug.Build.0 = Debug|.NET
		{8C73DF1C-AB2B-4309-A3EC-1ED594239E15}.Release.ActiveCfg = Release|.NET
		{8C73DF1C-AB2B-4309-A3EC-1ED594239E15}.Release.Build.0 = Release|.NET
		{CB985027-C009-4C0F-88C1-8CF11912EE4C}.Debug.ActiveCfg = Debug|.NET
		{CB985027-C009-4C0F-88C1-8CF11912EE4C}.Debug.Build.0 = Debug|.NET
		{CB985027-C009-4C0F-88C1-8CF11912EE4C}.Release.ActiveCfg = Release|.NET
		{CB985027-C009-4C0F-88C1-8CF11912EE4C}.Release.Build.0 = Release|.NET
		{B3DCF964-EAC8-46F2-AA11-151713141536}.Debug.ActiveCfg = Debug|.NET
		{B3DCF964-EAC8-46F2-AA11-151713141536}.Debug.Build.0 = Debug|.NET
		{B3DCF964-EAC8-46F2-AA11-151713141536}.Release.ActiveCfg = Release|.NET
		{B3DCF964-EAC8-46F2-AA11-151713141536}.Release.Build.0 = Release|.NET
		{9E715F72-7F70-421B-A2BF-E9CB42F88F5C}.Debug.ActiveCfg = Debug|.NET
		{9E715F72-7F70-421B-A2BF-E9CB42F88F5C}.Debug.Build.0 = Debug|.NET
		{9E715F72-7F70-421B-A2BF-E9CB42F88F5C}.Release.ActiveCfg = Release|.NET
		{9E715F72-7F70-421B-A2BF-E9CB42F88F5C}.Release.Build.0 = Release|.NET
		{CD7A8094-D383-46BC-A75D-9F65F746E24F}.Debug.ActiveCfg = Debug|.NET
		{CD7A8094-D383-46BC-A75D-9F65F746E24F}.Debug.Build.0 = Debug|.NET
		{CD7A8094-D383-46BC-A75D-9F65F746E24F}.Release.ActiveCfg = Release|.NET
		{CD7A8094-D383-46BC-A75D-9F65F746E24F}.Release.Build.0 = Release|.NET
		{BE56F892-37BA-489C-A91D-F2761FDB96EF}.Debug.ActiveCfg = Debug|.NET
		{BE56F892-37BA-489C-A91D-F2761FDB96EF}.Debug.Build.0 = Debug|.NET
		{BE56F892-37BA-489C-A91D-F2761FDB96EF}.Release.ActiveCfg = Release|.NET
		{BE56F892-37BA-489C-A91D-F2761FDB96EF}.Release.Build.0 = Release|.NET
	EndGlobalSection
	GlobalSection(ExtensibilityGlobals) = postSolution
	EndGlobalSection
	GlobalSection(ExtensibilityAddIns) = postSolution
	EndGlobalSection
EndGlobal
