Microsoft Visual Studio Solution File, Format Version 7.00
Project("{FAE04EC0-301F-11D3-BF4B-00C04F79EFBC}") = "log4net", "log4net.csproj", "{F6A02431-167E-4347-BC43-65532C31CDB7}"
EndProject
Project("{FAE04EC0-301F-11D3-BF4B-00C04F79EFBC}") = "log4net.Tests", "..\tests\src\log4net.Tests.csproj", "{4B68B77E-0C8B-4296-930D-6AC2787170B8}"
EndProject
Global
	GlobalSection(SolutionConfiguration) = preSolution
		ConfigName.0 = Debug
		ConfigName.1 = Release
	EndGlobalSection
	GlobalSection(ProjectDependencies) = postSolution
	EndGlobalSection
	GlobalSection(ProjectConfiguration) = postSolution
		{F6A02431-167E-4347-BC43-65532C31CDB7}.Debug.ActiveCfg = Debug|.NET
		{F6A02431-167E-4347-BC43-65532C31CDB7}.Debug.Build.0 = Debug|.NET
		{F6A02431-167E-4347-BC43-65532C31CDB7}.Release.ActiveCfg = Release|.NET
		{F6A02431-167E-4347-BC43-65532C31CDB7}.Release.Build.0 = Release|.NET
		{4B68B77E-0C8B-4296-930D-6AC2787170B8}.Debug.ActiveCfg = Debug|.NET
		{4B68B77E-0C8B-4296-930D-6AC2787170B8}.Debug.Build.0 = Debug|.NET
		{4B68B77E-0C8B-4296-930D-6AC2787170B8}.Release.ActiveCfg = Release|.NET
		{4B68B77E-0C8B-4296-930D-6AC2787170B8}.Release.Build.0 = Release|.NET
	EndGlobalSection
	GlobalSection(ExtensibilityGlobals) = postSolution
	EndGlobalSection
	GlobalSection(ExtensibilityAddIns) = postSolution
	EndGlobalSection
EndGlobal
