Microsoft Visual Studio Solution File, Format Version 8.00
Project("{FAE04EC0-301F-11D3-BF4B-00C04F79EFBC}") = "log4net.vs2003", "log4net.vs2003.csproj", "{F6A02431-167E-4347-BC43-65532C31CDB7}"
	ProjectSection(ProjectDependencies) = postProject
	EndProjectSection
EndProject
Project("{FAE04EC0-301F-11D3-BF4B-00C04F79EFBC}") = "log4net.Tests.vs2003", "..\tests\src\log4net.Tests.vs2003.csproj", "{4B68B77E-0C8B-4296-930D-6AC2787170B8}"
	ProjectSection(ProjectDependencies) = postProject
	EndProjectSection
EndProject
Global
	GlobalSection(SolutionConfiguration) = preSolution
		Debug = Debug
		Release = Release
	EndGlobalSection
	GlobalSection(ProjectConfiguration) = postSolution
		{F6A02431-167E-4347-BC43-65532C31CDB7}.Debug.ActiveCfg = Debug|.NET
		{F6A02431-167E-4347-BC43-65532C31CDB7}.Debug.Build.0 = Debug|.NET
		{F6A02431-167E-4347-BC43-65532C31CDB7}.Release.ActiveCfg = Release|.NET
		{F6A02431-167E-4347-BC43-65532C31CDB7}.Release.Build.0 = Release|.NET
		{4B68B77E-0C8B-4296-930D-6AC2787170B8}.Debug.ActiveCfg = Debug|.NET
		{4B68B77E-0C8B-4296-930D-6AC2787170B8}.Debug.Build.0 = Debug|.NET
		{4B68B77E-0C8B-4296-930D-6AC2787170B8}.Release.ActiveCfg = Release|.NET
		{4B68B77E-0C8B-4296-930D-6AC2787170B8}.Release.Build.0 = Release|.NET
	EndGlobalSection
	GlobalSection(ExtensibilityGlobals) = postSolution
	EndGlobalSection
	GlobalSection(ExtensibilityAddIns) = postSolution
	EndGlobalSection
EndGlobal
