
Microsoft Visual Studio Solution File, Format Version 12.00
# Visual Studio 15
#
# Licensed to the Apache Software Foundation (ASF) under one
# or more contributor license agreements.  See the NOTICE file
# distributed with this work for additional information
# regarding copyright ownership.  The ASF licenses this file
# to you under the Apache License, Version 2.0 (the
# "License"); you may not use this file except in compliance
# with the License.  You may obtain a copy of the License at
#
#   http://www.apache.org/licenses/LICENSE-2.0
#
# Unless required by applicable law or agreed to in writing,
# software distributed under the License is distributed on an
# "AS IS" BASIS, WITHOUT WARRANTIES OR CONDITIONS OF ANY
# KIND, either express or implied.  See the License for the
# specific language governing permissions and limitations
# under the License.
#
VisualStudioVersion = 15.0.26801.0
MinimumVisualStudioVersion = 10.0.40219.1
Project("{9A19103F-16F7-4668-BE54-9A1E7A4F7556}") = "log4net", "log4net.csproj", "{5C1DC5A1-A943-40B5-9270-A65286B4978D}"
EndProject
Project("{9A19103F-16F7-4668-BE54-9A1E7A4F7556}") = "log4net.Tests", "..\tests\src\log4net.Tests.csproj", "{DBF648C3-AA35-48C6-9F3C-05669BAABA63}"
EndProject
Global
	GlobalSection(SolutionConfigurationPlatforms) = preSolution
		Debug|Any CPU = Debug|Any CPU
		Release|Any CPU = Release|Any CPU
	EndGlobalSection
	GlobalSection(ProjectConfigurationPlatforms) = postSolution
		{5C1DC5A1-A943-40B5-9270-A65286B4978D}.Debug|Any CPU.ActiveCfg = Debug|Any CPU
		{5C1DC5A1-A943-40B5-9270-A65286B4978D}.Debug|Any CPU.Build.0 = Debug|Any CPU
		{5C1DC5A1-A943-40B5-9270-A65286B4978D}.Release|Any CPU.ActiveCfg = Release|Any CPU
		{5C1DC5A1-A943-40B5-9270-A65286B4978D}.Release|Any CPU.Build.0 = Release|Any CPU
		{DBF648C3-AA35-48C6-9F3C-05669BAABA63}.Debug|Any CPU.ActiveCfg = Debug|Any CPU
		{DBF648C3-AA35-48C6-9F3C-05669BAABA63}.Debug|Any CPU.Build.0 = Debug|Any CPU
		{DBF648C3-AA35-48C6-9F3C-05669BAABA63}.Release|Any CPU.ActiveCfg = Release|Any CPU
		{DBF648C3-AA35-48C6-9F3C-05669BAABA63}.Release|Any CPU.Build.0 = Release|Any CPU
	EndGlobalSection
	GlobalSection(SolutionProperties) = preSolution
		HideSolutionNode = FALSE
	EndGlobalSection
	GlobalSection(ExtensibilityGlobals) = postSolution
		SolutionGuid = {8655E3DC-898A-49DA-960F-0AD7DB2DFD93}
	EndGlobalSection
EndGlobal
