Microsoft Visual Studio Solution File, Format Version 8.00
#
#
# Licensed to the Apache Software Foundation (ASF) under one
# or more contributor license agreements.  See the NOTICE file
# distributed with this work for additional information
# regarding copyright ownership.  The ASF licenses this file
# to you under the Apache License, Version 2.0 (the
# "License"); you may not use this file except in compliance
# with the License.  You may obtain a copy of the License at
#
#   http://www.apache.org/licenses/LICENSE-2.0
#
# Unless required by applicable law or agreed to in writing,
# software distributed under the License is distributed on an
# "AS IS" BASIS, WITHOUT WARRANTIES OR CONDITIONS OF ANY
# KIND, either express or implied.  See the License for the
# specific language governing permissions and limitations
# under the License.
#
#
Project("{8BC9CEB8-8B4A-11D0-8D11-00A0C91BC942}") = "ConsoleApp", "Tutorials\ConsoleApp\cpp\src\ConsoleApp.vcproj", "{EF2FAB20-8AC6-420A-BCBF-B3C8D8467323}"
	ProjectSection(ProjectDependencies) = postProject
	EndProjectSection
EndProject
Global
	GlobalSection(SolutionConfiguration) = preSolution
		Debug = Debug
		Release = Release
	EndGlobalSection
	GlobalSection(ProjectConfiguration) = postSolution
		{EF2FAB20-8AC6-420A-BCBF-B3C8D8467323}.Debug.ActiveCfg = Debug|Win32
		{EF2FAB20-8AC6-420A-BCBF-B3C8D8467323}.Debug.Build.0 = Debug|Win32
		{EF2FAB20-8AC6-420A-BCBF-B3C8D8467323}.Release.ActiveCfg = Release|Win32
		{EF2FAB20-8AC6-420A-BCBF-B3C8D8467323}.Release.Build.0 = Release|Win32
	EndGlobalSection
	GlobalSection(ExtensibilityGlobals) = postSolution
	EndGlobalSection
	GlobalSection(ExtensibilityAddIns) = postSolution
	EndGlobalSection
EndGlobal
